
Microsoft Visual Studio Solution File, Format Version 12.00
# Visual Studio Version 17
VisualStudioVersion = 17.8.34330.188
MinimumVisualStudioVersion = 10.0.40219.1
Project("{FAE04EC0-301F-11D3-BF4B-00C04F79EFBC}") = "MagicVilla_API", "MagicVilla_API\MagicVilla_API.csproj", "{BF0F167D-4236-404B-9CAE-47877AE82210}"
EndProject
Global
	GlobalSection(SolutionConfigurationPlatforms) = preSolution
		Debug|Any CPU = Debug|Any CPU
		Release|Any CPU = Release|Any CPU
	EndGlobalSection
	GlobalSection(ProjectConfigurationPlatforms) = postSolution
		{BF0F167D-4236-404B-9CAE-47877AE82210}.Debug|Any CPU.ActiveCfg = Debug|Any CPU
		{BF0F167D-4236-404B-9CAE-47877AE82210}.Debug|Any CPU.Build.0 = Debug|Any CPU
		{BF0F167D-4236-404B-9CAE-47877AE82210}.Release|Any CPU.ActiveCfg = Release|Any CPU
		{BF0F167D-4236-404B-9CAE-47877AE82210}.Release|Any CPU.Build.0 = Release|Any CPU
	EndGlobalSection
	GlobalSection(SolutionProperties) = preSolution
		HideSolutionNode = FALSE
	EndGlobalSection
	GlobalSection(ExtensibilityGlobals) = postSolution
		SolutionGuid = {7D4B1A64-7AC2-45EF-A20C-2F56F1CDE873}
	EndGlobalSection
EndGlobal
